{
	"name": "@powerfulyang/hooks",
	"version": "0.2.15",
	"lockfileVersion": 2,
	"requires": true,
	"packages": {
		"": {
			"name": "@powerfulyang/hooks",
			"version": "0.2.15",
			"license": "MIT",
			"dependencies": {
				"immer": "^8.0.1",
				"keyboardjs": "^2.6.4",
				"qs": "^6.9.6",
				"rxjs": "^6.6.3"
			},
			"devDependencies": {
				"@testing-library/react-hooks": "^5.0.3",
				"@types/keyboardjs": "^2.5.0",
				"isomorphic-fetch": "^3.0.0",
				"react": "^17.0.1",
				"react-dom": "^17.0.1",
				"react-test-renderer": "^17.0.1"
			}
		},
		"node_modules/@babel/runtime": {
			"version": "7.12.5",
			"resolved": "https://registry.npmjs.org/@babel/runtime/-/runtime-7.12.5.tgz",
			"integrity": "sha512-plcc+hbExy3McchJCEQG3knOsuh3HH+Prx1P6cLIkET/0dLuQDEnrT+s27Axgc9bqfsmNUNHfscgMUdBpC9xfg==",
			"dev": true,
			"dependencies": {
				"regenerator-runtime": "^0.13.4"
			}
		},
		"node_modules/@testing-library/react-hooks": {
			"version": "5.0.3",
			"resolved": "https://registry.npmjs.org/@testing-library/react-hooks/-/react-hooks-5.0.3.tgz",
			"integrity": "sha512-UrnnRc5II7LMH14xsYNm/WRch/67cBafmrSQcyFh0v+UUmSf1uzfB7zn5jQXSettGwOSxJwdQUN7PgkT0w22Lg==",
			"dev": true,
			"dependencies": {
				"@babel/runtime": "^7.12.5",
				"@types/react": ">=16.9.0",
				"@types/react-dom": ">=16.9.0",
				"@types/react-test-renderer": ">=16.9.0",
				"filter-console": "^0.1.1",
				"react-error-boundary": "^3.1.0"
			},
			"peerDependencies": {
				"react": ">=16.9.0",
				"react-dom": ">=16.9.0",
				"react-test-renderer": ">=16.9.0"
			},
			"peerDependenciesMeta": {
				"react-dom": {
					"optional": true
				},
				"react-test-renderer": {
					"optional": true
				}
			}
		},
		"node_modules/@types/keyboardjs": {
			"version": "2.5.0",
			"resolved": "https://registry.npmjs.org/@types/keyboardjs/-/keyboardjs-2.5.0.tgz",
			"integrity": "sha512-tGU6Lz04lDNH+N3AZYIWVeBza2ZSaLlZuSkzi38zSFSuh6DgVqBdqgkX+OS+jg1vwlw5XzS5MASY44fr9C12Yg==",
			"dev": true
		},
		"node_modules/@types/prop-types": {
			"version": "15.7.3",
			"resolved": "https://registry.npmjs.org/@types/prop-types/-/prop-types-15.7.3.tgz",
			"integrity": "sha512-KfRL3PuHmqQLOG+2tGpRO26Ctg+Cq1E01D2DMriKEATHgWLfeNDmq9e29Q9WIky0dQ3NPkd1mzYH8Lm936Z9qw==",
			"dev": true
		},
		"node_modules/@types/react": {
			"version": "17.0.0",
			"resolved": "https://registry.npmjs.org/@types/react/-/react-17.0.0.tgz",
			"integrity": "sha512-aj/L7RIMsRlWML3YB6KZiXB3fV2t41+5RBGYF8z+tAKU43Px8C3cYUZsDvf1/+Bm4FK21QWBrDutu8ZJ/70qOw==",
			"dev": true,
			"dependencies": {
				"@types/prop-types": "*",
				"csstype": "^3.0.2"
			}
		},
		"node_modules/@types/react-dom": {
			"version": "17.0.0",
			"resolved": "https://registry.npmjs.org/@types/react-dom/-/react-dom-17.0.0.tgz",
			"integrity": "sha512-lUqY7OlkF/RbNtD5nIq7ot8NquXrdFrjSOR6+w9a9RFQevGi1oZO1dcJbXMeONAPKtZ2UrZOEJ5UOCVsxbLk/g==",
			"dev": true,
			"dependencies": {
				"@types/react": "*"
			}
		},
		"node_modules/@types/react-test-renderer": {
			"version": "17.0.0",
			"resolved": "https://registry.npmjs.org/@types/react-test-renderer/-/react-test-renderer-17.0.0.tgz",
			"integrity": "sha512-nvw+F81OmyzpyIE1S0xWpLonLUZCMewslPuA8BtjSKc5XEbn8zEQBXS7KuOLHTNnSOEM2Pum50gHOoZ62tqTRg==",
			"dev": true,
			"dependencies": {
				"@types/react": "*"
			}
		},
		"node_modules/csstype": {
			"version": "3.0.6",
			"resolved": "https://registry.npmjs.org/csstype/-/csstype-3.0.6.tgz",
			"integrity": "sha512-+ZAmfyWMT7TiIlzdqJgjMb7S4f1beorDbWbsocyK4RaiqA5RTX3K14bnBWmmA9QEM0gRdsjyyrEmcyga8Zsxmw==",
			"dev": true
		},
		"node_modules/filter-console": {
			"version": "0.1.1",
			"resolved": "https://registry.npmjs.org/filter-console/-/filter-console-0.1.1.tgz",
			"integrity": "sha512-zrXoV1Uaz52DqPs+qEwNJWJFAWZpYJ47UNmpN9q4j+/EYsz85uV0DC9k8tRND5kYmoVzL0W+Y75q4Rg8sRJCdg==",
			"dev": true,
			"engines": {
				"node": ">=8"
			}
		},
		"node_modules/immer": {
			"version": "8.0.1",
			"resolved": "https://registry.npmjs.org/immer/-/immer-8.0.1.tgz",
			"integrity": "sha512-aqXhGP7//Gui2+UrEtvxZxSquQVXTpZ7KDxfCcKAF3Vysvw0CViVaW9RZ1j1xlIYqaaaipBoqdqeibkc18PNvA==",
			"funding": {
				"type": "opencollective",
				"url": "https://opencollective.com/immer"
			}
		},
		"node_modules/isomorphic-fetch": {
			"version": "3.0.0",
			"resolved": "https://registry.npmjs.org/isomorphic-fetch/-/isomorphic-fetch-3.0.0.tgz",
			"integrity": "sha512-qvUtwJ3j6qwsF3jLxkZ72qCgjMysPzDfeV240JHiGZsANBYd+EEuu35v7dfrJ9Up0Ak07D7GGSkGhCHTqg/5wA==",
			"dev": true,
			"dependencies": {
				"node-fetch": "^2.6.1",
				"whatwg-fetch": "^3.4.1"
			}
		},
		"node_modules/js-tokens": {
			"version": "4.0.0",
			"resolved": "https://registry.npmjs.org/js-tokens/-/js-tokens-4.0.0.tgz",
			"integrity": "sha512-RdJUflcE3cUzKiMqQgsCu06FPu9UdIJO0beYbPhHN4k6apgJtifcoCtT9bcxOpYBtpD2kCM6Sbzg4CausW/PKQ==",
			"dev": true
		},
		"node_modules/keyboardjs": {
			"version": "2.6.4",
			"resolved": "https://registry.npmjs.org/keyboardjs/-/keyboardjs-2.6.4.tgz",
			"integrity": "sha512-xDiNwiwH3KUqap++RFJiLAXzbvRB5Yw08xliuceOgLhM1o7g1puKKR9vWy6wp9H/Bi4VP0+SQMpiWXMWWmR6rA=="
		},
		"node_modules/loose-envify": {
			"version": "1.4.0",
			"resolved": "https://registry.npmjs.org/loose-envify/-/loose-envify-1.4.0.tgz",
			"integrity": "sha512-lyuxPGr/Wfhrlem2CL/UcnUc1zcqKAImBDzukY7Y5F/yQiNdko6+fRLevlw1HgMySw7f611UIY408EtxRSoK3Q==",
			"dev": true,
			"dependencies": {
				"js-tokens": "^3.0.0 || ^4.0.0"
			},
			"bin": {
				"loose-envify": "cli.js"
			}
		},
		"node_modules/node-fetch": {
			"version": "2.6.1",
			"resolved": "https://registry.npmjs.org/node-fetch/-/node-fetch-2.6.1.tgz",
			"integrity": "sha512-V4aYg89jEoVRxRb2fJdAg8FHvI7cEyYdVAh94HH0UIK8oJxUfkjlDQN9RbMx+bEjP7+ggMiFRprSti032Oipxw==",
			"dev": true,
			"engines": {
				"node": "4.x || >=6.0.0"
			}
		},
		"node_modules/object-assign": {
			"version": "4.1.1",
			"resolved": "https://registry.npmjs.org/object-assign/-/object-assign-4.1.1.tgz",
			"integrity": "sha1-IQmtx5ZYh8/AXLvUQsrIv7s2CGM=",
			"dev": true,
			"engines": {
				"node": ">=0.10.0"
			}
		},
		"node_modules/qs": {
			"version": "6.9.6",
			"resolved": "https://registry.npmjs.org/qs/-/qs-6.9.6.tgz",
			"integrity": "sha512-TIRk4aqYLNoJUbd+g2lEdz5kLWIuTMRagAXxl78Q0RiVjAOugHmeKNGdd3cwo/ktpf9aL9epCfFqWDEKysUlLQ==",
			"engines": {
				"node": ">=0.6"
			},
			"funding": {
				"url": "https://github.com/sponsors/ljharb"
			}
		},
		"node_modules/react": {
			"version": "17.0.1",
			"resolved": "https://registry.npmjs.org/react/-/react-17.0.1.tgz",
			"integrity": "sha512-lG9c9UuMHdcAexXtigOZLX8exLWkW0Ku29qPRU8uhF2R9BN96dLCt0psvzPLlHc5OWkgymP3qwTRgbnw5BKx3w==",
			"dev": true,
			"dependencies": {
				"loose-envify": "^1.1.0",
				"object-assign": "^4.1.1"
			},
			"engines": {
				"node": ">=0.10.0"
			}
		},
		"node_modules/react-dom": {
			"version": "17.0.1",
			"resolved": "https://registry.npmjs.org/react-dom/-/react-dom-17.0.1.tgz",
			"integrity": "sha512-6eV150oJZ9U2t9svnsspTMrWNyHc6chX0KzDeAOXftRa8bNeOKTTfCJ7KorIwenkHd2xqVTBTCZd79yk/lx/Ug==",
			"dev": true,
			"dependencies": {
				"loose-envify": "^1.1.0",
				"object-assign": "^4.1.1",
				"scheduler": "^0.20.1"
			}
		},
		"node_modules/react-error-boundary": {
			"version": "3.1.0",
			"resolved": "https://registry.npmjs.org/react-error-boundary/-/react-error-boundary-3.1.0.tgz",
			"integrity": "sha512-lmPrdi5SLRJR+AeJkqdkGlW/CRkAUvZnETahK58J4xb5wpbfDngasEGu+w0T1iXEhVrYBJZeW+c4V1hILCnMWQ==",
			"dev": true,
			"dependencies": {
				"@babel/runtime": "^7.12.5"
			},
			"engines": {
				"node": ">=10",
				"npm": ">=6"
			},
			"peerDependencies": {
				"react": ">=16.13.1"
			}
		},
		"node_modules/react-is": {
			"version": "17.0.1",
			"resolved": "https://registry.npmjs.org/react-is/-/react-is-17.0.1.tgz",
			"integrity": "sha512-NAnt2iGDXohE5LI7uBnLnqvLQMtzhkiAOLXTmv+qnF9Ky7xAPcX8Up/xWIhxvLVGJvuLiNc4xQLtuqDRzb4fSA==",
			"dev": true
		},
		"node_modules/react-shallow-renderer": {
			"version": "16.14.1",
			"resolved": "https://registry.npmjs.org/react-shallow-renderer/-/react-shallow-renderer-16.14.1.tgz",
			"integrity": "sha512-rkIMcQi01/+kxiTE9D3fdS959U1g7gs+/rborw++42m1O9FAQiNI/UNRZExVUoAOprn4umcXf+pFRou8i4zuBg==",
			"dev": true,
			"dependencies": {
				"object-assign": "^4.1.1",
				"react-is": "^16.12.0 || ^17.0.0"
			}
		},
		"node_modules/react-test-renderer": {
			"version": "17.0.1",
			"resolved": "https://registry.npmjs.org/react-test-renderer/-/react-test-renderer-17.0.1.tgz",
			"integrity": "sha512-/dRae3mj6aObwkjCcxZPlxDFh73XZLgvwhhyON2haZGUEhiaY5EjfAdw+d/rQmlcFwdTpMXCSGVk374QbCTlrA==",
			"dev": true,
			"dependencies": {
				"object-assign": "^4.1.1",
				"react-is": "^17.0.1",
				"react-shallow-renderer": "^16.13.1",
				"scheduler": "^0.20.1"
			}
		},
		"node_modules/regenerator-runtime": {
			"version": "0.13.7",
			"resolved": "https://registry.npmjs.org/regenerator-runtime/-/regenerator-runtime-0.13.7.tgz",
			"integrity": "sha512-a54FxoJDIr27pgf7IgeQGxmqUNYrcV338lf/6gH456HZ/PhX+5BcwHXG9ajESmwe6WRO0tAzRUrRmNONWgkrew==",
			"dev": true
		},
		"node_modules/rxjs": {
			"version": "6.6.3",
			"resolved": "https://registry.npmjs.org/rxjs/-/rxjs-6.6.3.tgz",
			"integrity": "sha512-trsQc+xYYXZ3urjOiJOuCOa5N3jAZ3eiSpQB5hIT8zGlL2QfnHLJ2r7GMkBGuIausdJN1OneaI6gQlsqNHHmZQ==",
			"dependencies": {
				"tslib": "^1.9.0"
			},
			"engines": {
				"npm": ">=2.0.0"
			}
		},
		"node_modules/scheduler": {
			"version": "0.20.1",
			"resolved": "https://registry.npmjs.org/scheduler/-/scheduler-0.20.1.tgz",
			"integrity": "sha512-LKTe+2xNJBNxu/QhHvDR14wUXHRQbVY5ZOYpOGWRzhydZUqrLb2JBvLPY7cAqFmqrWuDED0Mjk7013SZiOz6Bw==",
			"dev": true,
			"dependencies": {
				"loose-envify": "^1.1.0",
				"object-assign": "^4.1.1"
			}
		},
		"node_modules/tslib": {
			"version": "1.14.1",
			"resolved": "https://registry.npmjs.org/tslib/-/tslib-1.14.1.tgz",
			"integrity": "sha512-Xni35NKzjgMrwevysHTCArtLDpPvye8zV/0E4EyYn43P7/7qvQwPh9BGkHewbMulVntbigmcT7rdX3BNo9wRJg=="
		},
		"node_modules/whatwg-fetch": {
			"version": "3.5.0",
			"resolved": "https://registry.npmjs.org/whatwg-fetch/-/whatwg-fetch-3.5.0.tgz",
			"integrity": "sha512-jXkLtsR42xhXg7akoDKvKWE40eJeI+2KZqcp2h3NsOrRnDvtWX36KcKl30dy+hxECivdk2BVUHVNrPtoMBUx6A==",
			"dev": true
		}
	},
	"dependencies": {
		"@babel/runtime": {
			"version": "7.12.5",
			"resolved": "https://registry.npmjs.org/@babel/runtime/-/runtime-7.12.5.tgz",
			"integrity": "sha512-plcc+hbExy3McchJCEQG3knOsuh3HH+Prx1P6cLIkET/0dLuQDEnrT+s27Axgc9bqfsmNUNHfscgMUdBpC9xfg==",
			"dev": true,
			"requires": {
				"regenerator-runtime": "^0.13.4"
			}
		},
		"@testing-library/react-hooks": {
			"version": "5.0.3",
			"resolved": "https://registry.npmjs.org/@testing-library/react-hooks/-/react-hooks-5.0.3.tgz",
			"integrity": "sha512-UrnnRc5II7LMH14xsYNm/WRch/67cBafmrSQcyFh0v+UUmSf1uzfB7zn5jQXSettGwOSxJwdQUN7PgkT0w22Lg==",
			"dev": true,
			"requires": {
				"@babel/runtime": "^7.12.5",
				"@types/react": ">=16.9.0",
				"@types/react-dom": ">=16.9.0",
				"@types/react-test-renderer": ">=16.9.0",
				"filter-console": "^0.1.1",
				"react-error-boundary": "^3.1.0"
			}
		},
		"@types/keyboardjs": {
			"version": "2.5.0",
			"resolved": "https://registry.npmjs.org/@types/keyboardjs/-/keyboardjs-2.5.0.tgz",
			"integrity": "sha512-tGU6Lz04lDNH+N3AZYIWVeBza2ZSaLlZuSkzi38zSFSuh6DgVqBdqgkX+OS+jg1vwlw5XzS5MASY44fr9C12Yg==",
			"dev": true
		},
		"@types/prop-types": {
			"version": "15.7.3",
			"resolved": "https://registry.npmjs.org/@types/prop-types/-/prop-types-15.7.3.tgz",
			"integrity": "sha512-KfRL3PuHmqQLOG+2tGpRO26Ctg+Cq1E01D2DMriKEATHgWLfeNDmq9e29Q9WIky0dQ3NPkd1mzYH8Lm936Z9qw==",
			"dev": true
		},
		"@types/react": {
			"version": "17.0.0",
			"resolved": "https://registry.npmjs.org/@types/react/-/react-17.0.0.tgz",
			"integrity": "sha512-aj/L7RIMsRlWML3YB6KZiXB3fV2t41+5RBGYF8z+tAKU43Px8C3cYUZsDvf1/+Bm4FK21QWBrDutu8ZJ/70qOw==",
			"dev": true,
			"requires": {
				"@types/prop-types": "*",
				"csstype": "^3.0.2"
			}
		},
		"@types/react-dom": {
			"version": "17.0.0",
			"resolved": "https://registry.npmjs.org/@types/react-dom/-/react-dom-17.0.0.tgz",
			"integrity": "sha512-lUqY7OlkF/RbNtD5nIq7ot8NquXrdFrjSOR6+w9a9RFQevGi1oZO1dcJbXMeONAPKtZ2UrZOEJ5UOCVsxbLk/g==",
			"dev": true,
			"requires": {
				"@types/react": "*"
			}
		},
		"@types/react-test-renderer": {
			"version": "17.0.0",
			"resolved": "https://registry.npmjs.org/@types/react-test-renderer/-/react-test-renderer-17.0.0.tgz",
			"integrity": "sha512-nvw+F81OmyzpyIE1S0xWpLonLUZCMewslPuA8BtjSKc5XEbn8zEQBXS7KuOLHTNnSOEM2Pum50gHOoZ62tqTRg==",
			"dev": true,
			"requires": {
				"@types/react": "*"
			}
		},
		"csstype": {
			"version": "3.0.6",
			"resolved": "https://registry.npmjs.org/csstype/-/csstype-3.0.6.tgz",
			"integrity": "sha512-+ZAmfyWMT7TiIlzdqJgjMb7S4f1beorDbWbsocyK4RaiqA5RTX3K14bnBWmmA9QEM0gRdsjyyrEmcyga8Zsxmw==",
			"dev": true
		},
		"filter-console": {
			"version": "0.1.1",
			"resolved": "https://registry.npmjs.org/filter-console/-/filter-console-0.1.1.tgz",
			"integrity": "sha512-zrXoV1Uaz52DqPs+qEwNJWJFAWZpYJ47UNmpN9q4j+/EYsz85uV0DC9k8tRND5kYmoVzL0W+Y75q4Rg8sRJCdg==",
			"dev": true
		},
		"immer": {
			"version": "8.0.1",
			"resolved": "https://registry.npmjs.org/immer/-/immer-8.0.1.tgz",
			"integrity": "sha512-aqXhGP7//Gui2+UrEtvxZxSquQVXTpZ7KDxfCcKAF3Vysvw0CViVaW9RZ1j1xlIYqaaaipBoqdqeibkc18PNvA=="
		},
		"isomorphic-fetch": {
			"version": "3.0.0",
			"resolved": "https://registry.npmjs.org/isomorphic-fetch/-/isomorphic-fetch-3.0.0.tgz",
			"integrity": "sha512-qvUtwJ3j6qwsF3jLxkZ72qCgjMysPzDfeV240JHiGZsANBYd+EEuu35v7dfrJ9Up0Ak07D7GGSkGhCHTqg/5wA==",
			"dev": true,
			"requires": {
				"node-fetch": "^2.6.1",
				"whatwg-fetch": "^3.4.1"
			}
		},
		"js-tokens": {
			"version": "4.0.0",
			"resolved": "https://registry.npmjs.org/js-tokens/-/js-tokens-4.0.0.tgz",
			"integrity": "sha512-RdJUflcE3cUzKiMqQgsCu06FPu9UdIJO0beYbPhHN4k6apgJtifcoCtT9bcxOpYBtpD2kCM6Sbzg4CausW/PKQ==",
			"dev": true
		},
		"keyboardjs": {
			"version": "2.6.4",
			"resolved": "https://registry.npmjs.org/keyboardjs/-/keyboardjs-2.6.4.tgz",
			"integrity": "sha512-xDiNwiwH3KUqap++RFJiLAXzbvRB5Yw08xliuceOgLhM1o7g1puKKR9vWy6wp9H/Bi4VP0+SQMpiWXMWWmR6rA=="
		},
		"loose-envify": {
			"version": "1.4.0",
			"resolved": "https://registry.npmjs.org/loose-envify/-/loose-envify-1.4.0.tgz",
			"integrity": "sha512-lyuxPGr/Wfhrlem2CL/UcnUc1zcqKAImBDzukY7Y5F/yQiNdko6+fRLevlw1HgMySw7f611UIY408EtxRSoK3Q==",
			"dev": true,
			"requires": {
				"js-tokens": "^3.0.0 || ^4.0.0"
			}
		},
		"node-fetch": {
			"version": "2.6.1",
			"resolved": "https://registry.npmjs.org/node-fetch/-/node-fetch-2.6.1.tgz",
			"integrity": "sha512-V4aYg89jEoVRxRb2fJdAg8FHvI7cEyYdVAh94HH0UIK8oJxUfkjlDQN9RbMx+bEjP7+ggMiFRprSti032Oipxw==",
			"dev": true
		},
		"object-assign": {
			"version": "4.1.1",
			"resolved": "https://registry.npmjs.org/object-assign/-/object-assign-4.1.1.tgz",
			"integrity": "sha1-IQmtx5ZYh8/AXLvUQsrIv7s2CGM=",
			"dev": true
		},
		"qs": {
			"version": "6.9.6",
			"resolved": "https://registry.npmjs.org/qs/-/qs-6.9.6.tgz",
			"integrity": "sha512-TIRk4aqYLNoJUbd+g2lEdz5kLWIuTMRagAXxl78Q0RiVjAOugHmeKNGdd3cwo/ktpf9aL9epCfFqWDEKysUlLQ=="
		},
		"react": {
			"version": "17.0.1",
			"resolved": "https://registry.npmjs.org/react/-/react-17.0.1.tgz",
			"integrity": "sha512-lG9c9UuMHdcAexXtigOZLX8exLWkW0Ku29qPRU8uhF2R9BN96dLCt0psvzPLlHc5OWkgymP3qwTRgbnw5BKx3w==",
			"dev": true,
			"requires": {
				"loose-envify": "^1.1.0",
				"object-assign": "^4.1.1"
			}
		},
		"react-dom": {
			"version": "17.0.1",
			"resolved": "https://registry.npmjs.org/react-dom/-/react-dom-17.0.1.tgz",
			"integrity": "sha512-6eV150oJZ9U2t9svnsspTMrWNyHc6chX0KzDeAOXftRa8bNeOKTTfCJ7KorIwenkHd2xqVTBTCZd79yk/lx/Ug==",
			"dev": true,
			"requires": {
				"loose-envify": "^1.1.0",
				"object-assign": "^4.1.1",
				"scheduler": "^0.20.1"
			}
		},
		"react-error-boundary": {
			"version": "3.1.0",
			"resolved": "https://registry.npmjs.org/react-error-boundary/-/react-error-boundary-3.1.0.tgz",
			"integrity": "sha512-lmPrdi5SLRJR+AeJkqdkGlW/CRkAUvZnETahK58J4xb5wpbfDngasEGu+w0T1iXEhVrYBJZeW+c4V1hILCnMWQ==",
			"dev": true,
			"requires": {
				"@babel/runtime": "^7.12.5"
			}
		},
		"react-is": {
			"version": "17.0.1",
			"resolved": "https://registry.npmjs.org/react-is/-/react-is-17.0.1.tgz",
			"integrity": "sha512-NAnt2iGDXohE5LI7uBnLnqvLQMtzhkiAOLXTmv+qnF9Ky7xAPcX8Up/xWIhxvLVGJvuLiNc4xQLtuqDRzb4fSA==",
			"dev": true
		},
		"react-shallow-renderer": {
			"version": "16.14.1",
			"resolved": "https://registry.npmjs.org/react-shallow-renderer/-/react-shallow-renderer-16.14.1.tgz",
			"integrity": "sha512-rkIMcQi01/+kxiTE9D3fdS959U1g7gs+/rborw++42m1O9FAQiNI/UNRZExVUoAOprn4umcXf+pFRou8i4zuBg==",
			"dev": true,
			"requires": {
				"object-assign": "^4.1.1",
				"react-is": "^16.12.0 || ^17.0.0"
			}
		},
		"react-test-renderer": {
			"version": "17.0.1",
			"resolved": "https://registry.npmjs.org/react-test-renderer/-/react-test-renderer-17.0.1.tgz",
			"integrity": "sha512-/dRae3mj6aObwkjCcxZPlxDFh73XZLgvwhhyON2haZGUEhiaY5EjfAdw+d/rQmlcFwdTpMXCSGVk374QbCTlrA==",
			"dev": true,
			"requires": {
				"object-assign": "^4.1.1",
				"react-is": "^17.0.1",
				"react-shallow-renderer": "^16.13.1",
				"scheduler": "^0.20.1"
			}
		},
		"regenerator-runtime": {
			"version": "0.13.7",
			"resolved": "https://registry.npmjs.org/regenerator-runtime/-/regenerator-runtime-0.13.7.tgz",
			"integrity": "sha512-a54FxoJDIr27pgf7IgeQGxmqUNYrcV338lf/6gH456HZ/PhX+5BcwHXG9ajESmwe6WRO0tAzRUrRmNONWgkrew==",
			"dev": true
		},
		"rxjs": {
			"version": "6.6.3",
			"resolved": "https://registry.npmjs.org/rxjs/-/rxjs-6.6.3.tgz",
			"integrity": "sha512-trsQc+xYYXZ3urjOiJOuCOa5N3jAZ3eiSpQB5hIT8zGlL2QfnHLJ2r7GMkBGuIausdJN1OneaI6gQlsqNHHmZQ==",
			"requires": {
				"tslib": "^1.9.0"
			}
		},
		"scheduler": {
			"version": "0.20.1",
			"resolved": "https://registry.npmjs.org/scheduler/-/scheduler-0.20.1.tgz",
			"integrity": "sha512-LKTe+2xNJBNxu/QhHvDR14wUXHRQbVY5ZOYpOGWRzhydZUqrLb2JBvLPY7cAqFmqrWuDED0Mjk7013SZiOz6Bw==",
			"dev": true,
			"requires": {
				"loose-envify": "^1.1.0",
				"object-assign": "^4.1.1"
			}
		},
		"tslib": {
			"version": "1.14.1",
			"resolved": "https://registry.npmjs.org/tslib/-/tslib-1.14.1.tgz",
			"integrity": "sha512-Xni35NKzjgMrwevysHTCArtLDpPvye8zV/0E4EyYn43P7/7qvQwPh9BGkHewbMulVntbigmcT7rdX3BNo9wRJg=="
		},
		"whatwg-fetch": {
			"version": "3.5.0",
			"resolved": "https://registry.npmjs.org/whatwg-fetch/-/whatwg-fetch-3.5.0.tgz",
			"integrity": "sha512-jXkLtsR42xhXg7akoDKvKWE40eJeI+2KZqcp2h3NsOrRnDvtWX36KcKl30dy+hxECivdk2BVUHVNrPtoMBUx6A==",
			"dev": true
		}
	}
}
